
Microsoft Visual Studio Solution File, Format Version 12.00
# Visual Studio Version 16
VisualStudioVersion = 16.0.29009.5
MinimumVisualStudioVersion = 10.0.40219.1
Project("{FAE04EC0-301F-11D3-BF4B-00C04F79EFBC}") = "MockChannel", "MockChannel.csproj", "{5BC119EB-69F3-45BE-A394-5AAD86D3D355}"
EndProject
Project("{2150E333-8FDC-42A3-9474-1A3956D46DE8}") = "Solution Items", "Solution Items", "{A470E2EB-B650-45BD-8045-15F397C3F585}"
	ProjectSection(SolutionItems) = preProject
		Local.testsettings = Local.testsettings
	EndProjectSection
EndProject
Project("{9A19103F-16F7-4668-BE54-9A1E7A4F7556}") = "EchoBot", "EchoBotRHW\EchoBot.csproj", "{556E31A8-37AB-44BF-9D61-9E2AB6CC8482}"
EndProject
Project("{FAE04EC0-301F-11D3-BF4B-00C04F79EFBC}") = "WebAndLoadTestProject", "WebAndLoadTestProject\WebAndLoadTestProject.csproj", "{503989F8-851D-427E-B876-1F129B3813D9}"
EndProject
Global
	GlobalSection(SolutionConfigurationPlatforms) = preSolution
		Debug|Any CPU = Debug|Any CPU
		Release|Any CPU = Release|Any CPU
	EndGlobalSection
	GlobalSection(ProjectConfigurationPlatforms) = postSolution
		{5BC119EB-69F3-45BE-A394-5AAD86D3D355}.Debug|Any CPU.ActiveCfg = Debug|Any CPU
		{5BC119EB-69F3-45BE-A394-5AAD86D3D355}.Debug|Any CPU.Build.0 = Debug|Any CPU
		{5BC119EB-69F3-45BE-A394-5AAD86D3D355}.Release|Any CPU.ActiveCfg = Release|Any CPU
		{5BC119EB-69F3-45BE-A394-5AAD86D3D355}.Release|Any CPU.Build.0 = Release|Any CPU
		{556E31A8-37AB-44BF-9D61-9E2AB6CC8482}.Debug|Any CPU.ActiveCfg = Debug|Any CPU
		{556E31A8-37AB-44BF-9D61-9E2AB6CC8482}.Debug|Any CPU.Build.0 = Debug|Any CPU
		{556E31A8-37AB-44BF-9D61-9E2AB6CC8482}.Release|Any CPU.ActiveCfg = Release|Any CPU
		{556E31A8-37AB-44BF-9D61-9E2AB6CC8482}.Release|Any CPU.Build.0 = Release|Any CPU
		{503989F8-851D-427E-B876-1F129B3813D9}.Debug|Any CPU.ActiveCfg = Debug|Any CPU
		{503989F8-851D-427E-B876-1F129B3813D9}.Debug|Any CPU.Build.0 = Debug|Any CPU
		{503989F8-851D-427E-B876-1F129B3813D9}.Release|Any CPU.ActiveCfg = Release|Any CPU
		{503989F8-851D-427E-B876-1F129B3813D9}.Release|Any CPU.Build.0 = Release|Any CPU
	EndGlobalSection
	GlobalSection(SolutionProperties) = preSolution
		HideSolutionNode = FALSE
	EndGlobalSection
	GlobalSection(ExtensibilityGlobals) = postSolution
		SolutionGuid = {AD9C2B50-4B24-45F5-A73F-A1DF4FCF1AC8}
	EndGlobalSection
EndGlobal
